
Microsoft Visual Studio Solution File, Format Version 12.00
# Visual Studio Version 17
VisualStudioVersion = 17.6.33815.320
MinimumVisualStudioVersion = 10.0.40219.1
Project("{FAE04EC0-301F-11D3-BF4B-00C04F79EFBC}") = "DiceGui", "DiceGui\DiceGui.csproj", "{63B83987-80DA-4E81-8285-493BF6205AC8}"
EndProject
Project("{9A19103F-16F7-4668-BE54-9A1E7A4F7556}") = "DiceProject", "ClassLibrary1\DiceProject.csproj", "{57978DC7-6965-4ABD-AFE1-D87E326CA5F8}"
EndProject
Project("{9A19103F-16F7-4668-BE54-9A1E7A4F7556}") = "DndCharacters", "DndCharacters\DndCharacters.csproj", "{23619C4F-6A16-431A-A33C-C4D992853662}"
EndProject
Project("{FAE04EC0-301F-11D3-BF4B-00C04F79EFBC}") = "DndUnitTests", "DndUnitTests\DndUnitTests.csproj", "{21A7EE6A-B289-4A9C-9E61-1B43D3B64E44}"
EndProject
Project("{FAE04EC0-301F-11D3-BF4B-00C04F79EFBC}") = "Common", "Common\Common.csproj", "{5FA6A7D9-E23E-4109-82B9-B3C8E21D0F15}"
EndProject
Global
	GlobalSection(SolutionConfigurationPlatforms) = preSolution
		Debug|Any CPU = Debug|Any CPU
		Release|Any CPU = Release|Any CPU
	EndGlobalSection
	GlobalSection(ProjectConfigurationPlatforms) = postSolution
		{63B83987-80DA-4E81-8285-493BF6205AC8}.Debug|Any CPU.ActiveCfg = Debug|Any CPU
		{63B83987-80DA-4E81-8285-493BF6205AC8}.Debug|Any CPU.Build.0 = Debug|Any CPU
		{63B83987-80DA-4E81-8285-493BF6205AC8}.Release|Any CPU.ActiveCfg = Release|Any CPU
		{63B83987-80DA-4E81-8285-493BF6205AC8}.Release|Any CPU.Build.0 = Release|Any CPU
		{57978DC7-6965-4ABD-AFE1-D87E326CA5F8}.Debug|Any CPU.ActiveCfg = Debug|Any CPU
		{57978DC7-6965-4ABD-AFE1-D87E326CA5F8}.Debug|Any CPU.Build.0 = Debug|Any CPU
		{57978DC7-6965-4ABD-AFE1-D87E326CA5F8}.Release|Any CPU.ActiveCfg = Release|Any CPU
		{57978DC7-6965-4ABD-AFE1-D87E326CA5F8}.Release|Any CPU.Build.0 = Release|Any CPU
		{23619C4F-6A16-431A-A33C-C4D992853662}.Debug|Any CPU.ActiveCfg = Debug|Any CPU
		{23619C4F-6A16-431A-A33C-C4D992853662}.Debug|Any CPU.Build.0 = Debug|Any CPU
		{23619C4F-6A16-431A-A33C-C4D992853662}.Release|Any CPU.ActiveCfg = Release|Any CPU
		{23619C4F-6A16-431A-A33C-C4D992853662}.Release|Any CPU.Build.0 = Release|Any CPU
		{21A7EE6A-B289-4A9C-9E61-1B43D3B64E44}.Debug|Any CPU.ActiveCfg = Debug|Any CPU
		{21A7EE6A-B289-4A9C-9E61-1B43D3B64E44}.Debug|Any CPU.Build.0 = Debug|Any CPU
		{21A7EE6A-B289-4A9C-9E61-1B43D3B64E44}.Release|Any CPU.ActiveCfg = Release|Any CPU
		{21A7EE6A-B289-4A9C-9E61-1B43D3B64E44}.Release|Any CPU.Build.0 = Release|Any CPU
		{5FA6A7D9-E23E-4109-82B9-B3C8E21D0F15}.Debug|Any CPU.ActiveCfg = Debug|Any CPU
		{5FA6A7D9-E23E-4109-82B9-B3C8E21D0F15}.Debug|Any CPU.Build.0 = Debug|Any CPU
		{5FA6A7D9-E23E-4109-82B9-B3C8E21D0F15}.Release|Any CPU.ActiveCfg = Release|Any CPU
		{5FA6A7D9-E23E-4109-82B9-B3C8E21D0F15}.Release|Any CPU.Build.0 = Release|Any CPU
	EndGlobalSection
	GlobalSection(SolutionProperties) = preSolution
		HideSolutionNode = FALSE
	EndGlobalSection
	GlobalSection(ExtensibilityGlobals) = postSolution
		SolutionGuid = {4F72509A-D349-4CFA-891C-8C08FD0F1E6A}
	EndGlobalSection
EndGlobal
